<?xml version="1.0" encoding="utf-8"?>
<Project ToolsVersion="4.0" xmlns="http://schemas.microsoft.com/developer/msbuild/2003">
  <ItemGroup>
    <Filter Include="00.System">
      <UniqueIdentifier>{ee32449f-48a6-4ac7-9767-e928562a7bb2}</UniqueIdentifier>
    </Filter>
    <Filter Include="01.Utility">
      <UniqueIdentifier>{f1712038-9b72-4613-8ea8-7fbdb495f5ce}</UniqueIdentifier>
    </Filter>
    <Filter Include="00.System\00.Device">
      <UniqueIdentifier>{5b9b328a-703d-4aae-a614-fe39187bde50}</UniqueIdentifier>
    </Filter>
    <Filter Include="00.System\00.Device\Graphic">
      <UniqueIdentifier>{d9512e06-17d2-430c-ae71-7674a5c15d80}</UniqueIdentifier>
    </Filter>
    <Filter Include="00.System\00.Device\Input">
      <UniqueIdentifier>{44bbdc49-8334-4018-ae8a-d5c8cec71d41}</UniqueIdentifier>
    </Filter>
    <Filter Include="01.Utility\99.SuperClass">
      <UniqueIdentifier>{28a700cf-cf45-4d42-83d5-664e9f3a471f}</UniqueIdentifier>
    </Filter>
    <Filter Include="99.Defines">
      <UniqueIdentifier>{dc76f3a4-70ea-430a-8253-3ec25138c2b6}</UniqueIdentifier>
    </Filter>
    <Filter Include="01.Utility\00.GameInstance">
      <UniqueIdentifier>{f1cd2316-8843-49f3-a045-24b6c4deedd4}</UniqueIdentifier>
    </Filter>
  </ItemGroup>
  <ItemGroup>
    <ClInclude Include="..\public\Base.h">
      <Filter>01.Utility\99.SuperClass</Filter>
    </ClInclude>
    <ClInclude Include="..\Public\Engine_Function.h">
      <Filter>99.Defines</Filter>
    </ClInclude>
    <ClInclude Include="..\Public\Engine_Macro.h">
      <Filter>99.Defines</Filter>
    </ClInclude>
    <ClInclude Include="..\Public\Engine_Struct.h">
      <Filter>99.Defines</Filter>
    </ClInclude>
    <ClInclude Include="..\Public\Engine_Typedef.h">
      <Filter>99.Defines</Filter>
    </ClInclude>
    <ClInclude Include="..\Public\Engine_Define.h">
      <Filter>99.Defines</Filter>
    </ClInclude>
    <ClInclude Include="..\Public\Engine_Enum.h">
      <Filter>99.Defines</Filter>
    </ClInclude>
    <ClInclude Include="..\public\GameInstance.h">
      <Filter>01.Utility\00.GameInstance</Filter>
    </ClInclude>
    <ClInclude Include="..\Public\Graphic_Device.h">
      <Filter>00.System\00.Device\Graphic</Filter>
    </ClInclude>
  </ItemGroup>
  <ItemGroup>
    <ClCompile Include="..\private\Base.cpp">
      <Filter>01.Utility\99.SuperClass</Filter>
    </ClCompile>
    <ClCompile Include="..\private\GameInstance.cpp">
      <Filter>01.Utility\00.GameInstance</Filter>
    </ClCompile>
    <ClCompile Include="..\Private\Graphic_Device.cpp">
      <Filter>00.System\00.Device\Graphic</Filter>
    </ClCompile>
  </ItemGroup>
</Project>